
Microsoft Visual Studio Solution File, Format Version 12.00
# Visual Studio 2012
Project("{FAE04EC0-301F-11D3-BF4B-00C04F79EFBC}") = "WebServices_2012", "WebServices_2012.csproj", "{54267264-9691-4967-B9FC-E7590ACD8364}"
EndProject
Global
	GlobalSection(SolutionConfigurationPlatforms) = preSolution
		Debug|Any CPU = Debug|Any CPU
		Debug-xml|Any CPU = Debug-xml|Any CPU
		Release|Any CPU = Release|Any CPU
		Release-xml|Any CPU = Release-xml|Any CPU
	EndGlobalSection
	GlobalSection(ProjectConfigurationPlatforms) = postSolution
		{54267264-9691-4967-B9FC-E7590ACD8364}.Debug|Any CPU.ActiveCfg = Debug|Any CPU
		{54267264-9691-4967-B9FC-E7590ACD8364}.Debug|Any CPU.Build.0 = Debug|Any CPU
		{54267264-9691-4967-B9FC-E7590ACD8364}.Debug-xml|Any CPU.ActiveCfg = Debug|Any CPU
		{54267264-9691-4967-B9FC-E7590ACD8364}.Debug-xml|Any CPU.Build.0 = Debug|Any CPU
		{54267264-9691-4967-B9FC-E7590ACD8364}.Release|Any CPU.ActiveCfg = Release|Any CPU
		{54267264-9691-4967-B9FC-E7590ACD8364}.Release|Any CPU.Build.0 = Release|Any CPU
		{54267264-9691-4967-B9FC-E7590ACD8364}.Release-xml|Any CPU.ActiveCfg = Release|Any CPU
		{54267264-9691-4967-B9FC-E7590ACD8364}.Release-xml|Any CPU.Build.0 = Release|Any CPU
	EndGlobalSection
	GlobalSection(SolutionProperties) = preSolution
		HideSolutionNode = FALSE
	EndGlobalSection
EndGlobal
